
Microsoft Visual Studio Solution File, Format Version 12.00
# Visual Studio Version 17
VisualStudioVersion = 17.7.34031.279
MinimumVisualStudioVersion = 10.0.40219.1
Project("{FAE04EC0-301F-11D3-BF4B-00C04F79EFBC}") = "HotKeys&Taps", "HotKeys&Taps\HotKeys&Taps.csproj", "{B843B7F8-4B9D-4EB2-898B-51AA0113B226}"
EndProject
Global
	GlobalSection(SolutionConfigurationPlatforms) = preSolution
		Debug|Any CPU = Debug|Any CPU
		Release|Any CPU = Release|Any CPU
	EndGlobalSection
	GlobalSection(ProjectConfigurationPlatforms) = postSolution
		{B843B7F8-4B9D-4EB2-898B-51AA0113B226}.Debug|Any CPU.ActiveCfg = Debug|Any CPU
		{B843B7F8-4B9D-4EB2-898B-51AA0113B226}.Debug|Any CPU.Build.0 = Debug|Any CPU
		{B843B7F8-4B9D-4EB2-898B-51AA0113B226}.Release|Any CPU.ActiveCfg = Release|Any CPU
		{B843B7F8-4B9D-4EB2-898B-51AA0113B226}.Release|Any CPU.Build.0 = Release|Any CPU
	EndGlobalSection
	GlobalSection(SolutionProperties) = preSolution
		HideSolutionNode = FALSE
	EndGlobalSection
	GlobalSection(ExtensibilityGlobals) = postSolution
		SolutionGuid = {A3886832-10E0-48BB-9FE2-906F6E3E61E2}
	EndGlobalSection
EndGlobal
